id: d7_field_collection_field_usingpage_block
label: D7 Field Collection - Using Page Block
migration_group: d7
dependencies:
  module:
    - migrate_jcl
  enforced:
    module:
      - migrate_jcl
source:
  plugin: field_collection_item
  field_name: field_usingpage_block
process:
  # Map fields from field collection to paragraph
  field_subtitle:
    plugin: iterator
    source: field_usingpage_block1
    process:
      format:
        plugin: default_value
        default_value: plain_text
      value: value
  field_image: 
    source: field_usingpage_block_image
    plugin: iterator
    process:
      target_id: fid
      alt: alt
      title: title
      width: width
      height: height
  field_description:
    plugin: iterator
    source: field_usingpage_block2
    process:
      format:
        plugin: default_value
        default_value: full_html
      value: value
      summary: summary
  type:
    plugin: default_value
    default_value: subsection
  revision_id: revision_id
  uid: uid
  parent_id: entity_id
  parent_type:
    plugin: default_value
    default_value: node
  parent_field_name: 
    plugin: default_value
    default_value: field_subsection
  langcode:
    plugin: default_value
    default_value: und
destination:
  plugin: entity_reference_revisions:paragraph
migration_dependencies:
  required: {  }