id: d7_field_collection_field_makerspace_block
label: D7 Field Collection - MakerSpace block
migration_group: d7
dependencies:
  module:
    - migrate_jcl
  enforced:
    module:
      - migrate_jcl
source:
  plugin: field_collection_item
  field_name: field_makerspace_block
process:
  # Map fields from field collection to paragraph
  field_subtitle:
    plugin: iterator
    source: field_makerspace_block1
    process:
      format:
        plugin: default_value
        default_value: plain_text
      value: value
  field_description:
    plugin: iterator
    source: field_makerspace_block2
    process:
      format:
        plugin: default_value
        default_value: full_html
      value: value
      summary: summary
  type:
    plugin: default_value
    default_value: makerspace_content
  revision_id: revision_id
  uid: uid
  parent_id: entity_id
  parent_type:
    plugin: default_value
    default_value: node
  parent_field_name: 
    plugin: default_value
    default_value: field_makerspace_content
  langcode:
    plugin: default_value
    default_value: und
destination:
  plugin: entity_reference_revisions:paragraph
migration_dependencies:
  required: {  }